
Microsoft Visual Studio Solution File, Format Version 12.00
# Visual Studio Version 17
VisualStudioVersion = 17.14.36212.18 d17.14
MinimumVisualStudioVersion = 10.0.40219.1
Project("{FAE04EC0-301F-11D3-BF4B-00C04F79EFBC}") = "Rocket-To-The-Space", "Rocket-To-The-Space\Rocket-To-The-Space.csproj", "{B4C00E55-2BE0-4E12-BBEC-651D69F5FD52}"
EndProject
Global
	GlobalSection(SolutionConfigurationPlatforms) = preSolution
		Debug|Any CPU = Debug|Any CPU
		Release|Any CPU = Release|Any CPU
	EndGlobalSection
	GlobalSection(ProjectConfigurationPlatforms) = postSolution
		{B4C00E55-2BE0-4E12-BBEC-651D69F5FD52}.Debug|Any CPU.ActiveCfg = Debug|Any CPU
		{B4C00E55-2BE0-4E12-BBEC-651D69F5FD52}.Debug|Any CPU.Build.0 = Debug|Any CPU
		{B4C00E55-2BE0-4E12-BBEC-651D69F5FD52}.Release|Any CPU.ActiveCfg = Release|Any CPU
		{B4C00E55-2BE0-4E12-BBEC-651D69F5FD52}.Release|Any CPU.Build.0 = Release|Any CPU
	EndGlobalSection
	GlobalSection(SolutionProperties) = preSolution
		HideSolutionNode = FALSE
	EndGlobalSection
	GlobalSection(ExtensibilityGlobals) = postSolution
		SolutionGuid = {F4EB39C3-E3A9-4A10-AD15-5FF5827B2547}
	EndGlobalSection
EndGlobal
